
Microsoft Visual Studio Solution File, Format Version 12.00
# Visual Studio Version 17
VisualStudioVersion = 17.7.34031.279
MinimumVisualStudioVersion = 10.0.40219.1
Project("{9A19103F-16F7-4668-BE54-9A1E7A4F7556}") = "Correos", "Correos\Correos.csproj", "{815BADB6-EBC4-4D51-8ED2-D2547F987A00}"
EndProject
Project("{FAE04EC0-301F-11D3-BF4B-00C04F79EFBC}") = "Correos.Tests", "Correos.Tests\Correos.Tests.csproj", "{BC1460EF-47D2-4F12-92F5-9AC5990FE6FB}"
EndProject
Global
	GlobalSection(SolutionConfigurationPlatforms) = preSolution
		Debug|Any CPU = Debug|Any CPU
		Release|Any CPU = Release|Any CPU
	EndGlobalSection
	GlobalSection(ProjectConfigurationPlatforms) = postSolution
		{815BADB6-EBC4-4D51-8ED2-D2547F987A00}.Debug|Any CPU.ActiveCfg = Debug|Any CPU
		{815BADB6-EBC4-4D51-8ED2-D2547F987A00}.Debug|Any CPU.Build.0 = Debug|Any CPU
		{815BADB6-EBC4-4D51-8ED2-D2547F987A00}.Release|Any CPU.ActiveCfg = Release|Any CPU
		{815BADB6-EBC4-4D51-8ED2-D2547F987A00}.Release|Any CPU.Build.0 = Release|Any CPU
		{BC1460EF-47D2-4F12-92F5-9AC5990FE6FB}.Debug|Any CPU.ActiveCfg = Debug|Any CPU
		{BC1460EF-47D2-4F12-92F5-9AC5990FE6FB}.Debug|Any CPU.Build.0 = Debug|Any CPU
		{BC1460EF-47D2-4F12-92F5-9AC5990FE6FB}.Release|Any CPU.ActiveCfg = Release|Any CPU
		{BC1460EF-47D2-4F12-92F5-9AC5990FE6FB}.Release|Any CPU.Build.0 = Release|Any CPU
	EndGlobalSection
	GlobalSection(SolutionProperties) = preSolution
		HideSolutionNode = FALSE
	EndGlobalSection
	GlobalSection(ExtensibilityGlobals) = postSolution
		SolutionGuid = {537D4687-79CB-4F70-8A0A-25316E9148BC}
	EndGlobalSection
EndGlobal
